
Microsoft Visual Studio Solution File, Format Version 12.00
# Visual Studio Version 16
VisualStudioVersion = 16.0.31702.278
MinimumVisualStudioVersion = 10.0.40219.1
Project("{8BC9CEB8-8B4A-11D0-8D11-00A0C91BC942}") = "Preprocessor 2", "Preprocessor 2\Preprocessor 2.vcxproj", "{E12FF683-5497-4FB8-83C0-1103612EA828}"
EndProject
Global
	GlobalSection(SolutionConfigurationPlatforms) = preSolution
		Debug|x64 = Debug|x64
		Debug|x86 = Debug|x86
		Release|x64 = Release|x64
		Release|x86 = Release|x86
	EndGlobalSection
	GlobalSection(ProjectConfigurationPlatforms) = postSolution
		{E12FF683-5497-4FB8-83C0-1103612EA828}.Debug|x64.ActiveCfg = Debug|x64
		{E12FF683-5497-4FB8-83C0-1103612EA828}.Debug|x64.Build.0 = Debug|x64
		{E12FF683-5497-4FB8-83C0-1103612EA828}.Debug|x86.ActiveCfg = Debug|Win32
		{E12FF683-5497-4FB8-83C0-1103612EA828}.Debug|x86.Build.0 = Debug|Win32
		{E12FF683-5497-4FB8-83C0-1103612EA828}.Release|x64.ActiveCfg = Release|x64
		{E12FF683-5497-4FB8-83C0-1103612EA828}.Release|x64.Build.0 = Release|x64
		{E12FF683-5497-4FB8-83C0-1103612EA828}.Release|x86.ActiveCfg = Release|Win32
		{E12FF683-5497-4FB8-83C0-1103612EA828}.Release|x86.Build.0 = Release|Win32
	EndGlobalSection
	GlobalSection(SolutionProperties) = preSolution
		HideSolutionNode = FALSE
	EndGlobalSection
	GlobalSection(ExtensibilityGlobals) = postSolution
		SolutionGuid = {1EDBCB1A-A8D3-4038-9499-3D80CE83384B}
	EndGlobalSection
EndGlobal
